
Microsoft Visual Studio Solution File, Format Version 12.00
# Visual Studio 15
VisualStudioVersion = 15.0.28010.2026
MinimumVisualStudioVersion = 10.0.40219.1
Project("{888888A0-9F3D-457C-B088-3A5042F75D52}") = "DjangoBasics", "DjangoBasics\DjangoBasics.pyproj", "{8FD77DC4-A3B7-4A20-A7FF-B24B733890C1}"
EndProject
Global
	GlobalSection(SolutionConfigurationPlatforms) = preSolution
		Debug|Any CPU = Debug|Any CPU
		Release|Any CPU = Release|Any CPU
	EndGlobalSection
	GlobalSection(ProjectConfigurationPlatforms) = postSolution
		{8FD77DC4-A3B7-4A20-A7FF-B24B733890C1}.Debug|Any CPU.ActiveCfg = Debug|Any CPU
		{8FD77DC4-A3B7-4A20-A7FF-B24B733890C1}.Debug|Any CPU.Build.0 = Debug|Any CPU
		{8FD77DC4-A3B7-4A20-A7FF-B24B733890C1}.Release|Any CPU.ActiveCfg = Release|Any CPU
		{8FD77DC4-A3B7-4A20-A7FF-B24B733890C1}.Release|Any CPU.Build.0 = Release|Any CPU
	EndGlobalSection
	GlobalSection(SolutionProperties) = preSolution
		HideSolutionNode = FALSE
	EndGlobalSection
	GlobalSection(ExtensibilityGlobals) = postSolution
		SolutionGuid = {31629474-70A5-4881-AD96-41861C363E2C}
	EndGlobalSection
EndGlobal
